
Microsoft Visual Studio Solution File, Format Version 12.00
# Visual Studio 14
VisualStudioVersion = 14.0.24720.0
MinimumVisualStudioVersion = 10.0.40219.1
Project("{FAE04EC0-301F-11D3-BF4B-00C04F79EFBC}") = "GLIFRP", "GLIFRP\GLIFRP.csproj", "{D0CF6301-3155-4A85-8910-9D4D7107A043}"
EndProject
Project("{FAE04EC0-301F-11D3-BF4B-00C04F79EFBC}") = "GLIFRP.Tests", "GLIFRP.Tests\GLIFRP.Tests.csproj", "{61173FEF-0EAE-450B-85DE-977BE707BD08}"
EndProject
Global
	GlobalSection(SolutionConfigurationPlatforms) = preSolution
		Debug|Any CPU = Debug|Any CPU
		Release|Any CPU = Release|Any CPU
	EndGlobalSection
	GlobalSection(ProjectConfigurationPlatforms) = postSolution
		{D0CF6301-3155-4A85-8910-9D4D7107A043}.Debug|Any CPU.ActiveCfg = Debug|Any CPU
		{D0CF6301-3155-4A85-8910-9D4D7107A043}.Debug|Any CPU.Build.0 = Debug|Any CPU
		{D0CF6301-3155-4A85-8910-9D4D7107A043}.Release|Any CPU.ActiveCfg = Release|Any CPU
		{D0CF6301-3155-4A85-8910-9D4D7107A043}.Release|Any CPU.Build.0 = Release|Any CPU
		{61173FEF-0EAE-450B-85DE-977BE707BD08}.Debug|Any CPU.ActiveCfg = Debug|Any CPU
		{61173FEF-0EAE-450B-85DE-977BE707BD08}.Debug|Any CPU.Build.0 = Debug|Any CPU
		{61173FEF-0EAE-450B-85DE-977BE707BD08}.Release|Any CPU.ActiveCfg = Release|Any CPU
		{61173FEF-0EAE-450B-85DE-977BE707BD08}.Release|Any CPU.Build.0 = Release|Any CPU
	EndGlobalSection
	GlobalSection(SolutionProperties) = preSolution
		HideSolutionNode = FALSE
	EndGlobalSection
EndGlobal
